
Microsoft Visual Studio Solution File, Format Version 12.00
# Visual Studio Version 17
VisualStudioVersion = 17.7.34024.191
MinimumVisualStudioVersion = 10.0.40219.1
Project("{FAE04EC0-301F-11D3-BF4B-00C04F79EFBC}") = "Practice_15", "Practice_15\Practice_15.csproj", "{99920463-A95E-44A4-A33C-944A78A64BE0}"
EndProject
Global
	GlobalSection(SolutionConfigurationPlatforms) = preSolution
		Debug|Any CPU = Debug|Any CPU
		Release|Any CPU = Release|Any CPU
	EndGlobalSection
	GlobalSection(ProjectConfigurationPlatforms) = postSolution
		{99920463-A95E-44A4-A33C-944A78A64BE0}.Debug|Any CPU.ActiveCfg = Debug|Any CPU
		{99920463-A95E-44A4-A33C-944A78A64BE0}.Debug|Any CPU.Build.0 = Debug|Any CPU
		{99920463-A95E-44A4-A33C-944A78A64BE0}.Release|Any CPU.ActiveCfg = Release|Any CPU
		{99920463-A95E-44A4-A33C-944A78A64BE0}.Release|Any CPU.Build.0 = Release|Any CPU
	EndGlobalSection
	GlobalSection(SolutionProperties) = preSolution
		HideSolutionNode = FALSE
	EndGlobalSection
	GlobalSection(ExtensibilityGlobals) = postSolution
		SolutionGuid = {614E44B2-980A-4595-8D0D-BCEA198ED895}
	EndGlobalSection
EndGlobal
